{
    "name": "p-generative",
    "version": "0.0.1",
    "lockfileVersion": 2,
    "requires": true,
    "packages": {
        "": {
            "name": "p-generative",
            "version": "0.0.1",
            "dependencies": {
                "webppl": "^0.9.15"
            }
        },
        "node_modules/adnn": {
            "version": "2.0.10",
            "resolved": "https://registry.npmjs.org/adnn/-/adnn-2.0.10.tgz",
            "integrity": "sha1-TjvJsHdWL1POAMFtDoDdlknrhCs=",
            "engines": {
                "node": ">=0.12.4"
            }
        },
        "node_modules/amdefine": {
            "version": "1.0.1",
            "resolved": "https://registry.npmjs.org/amdefine/-/amdefine-1.0.1.tgz",
            "integrity": "sha1-SlKCrBZHKek2Gbz9OtFR+BfOkfU=",
            "engines": {
                "node": ">=0.4.2"
            }
        },
        "node_modules/ast-types": {
            "version": "0.9.14",
            "resolved": "https://registry.npmjs.org/ast-types/-/ast-types-0.9.14.tgz",
            "integrity": "sha512-Ebvx7/0lLboCdyEmAw/4GqwBeKIijPveXNiVGhCGCNxc7z26T5he7DC6ARxu8ByKuzUZZcLog+VP8GMyZrBzJw==",
            "engines": {
                "node": ">= 0.8"
            }
        },
        "node_modules/colors": {
            "version": "1.4.0",
            "resolved": "https://registry.npmjs.org/colors/-/colors-1.4.0.tgz",
            "integrity": "sha512-a+UqTh4kgZg/SlGvfbzDHpgRu7AAQOmmqRHJnxhRZICKFUT91brVhNNt58CMWU9PsBbv3PDCZUHbVxuDiH2mtA==",
            "engines": {
                "node": ">=0.1.90"
            }
        },
        "node_modules/deep-is": {
            "version": "0.1.4",
            "resolved": "https://registry.npmjs.org/deep-is/-/deep-is-0.1.4.tgz",
            "integrity": "sha512-oIPzksmTg4/MriiaYGO+okXDT7ztn/w3Eptv/+gSIdMdKsJo0u4CfYNFJPy+4SKMuCqGw2wxnA+URMg3t8a/bQ=="
        },
        "node_modules/escope": {
            "version": "1.0.3",
            "resolved": "https://registry.npmjs.org/escope/-/escope-1.0.3.tgz",
            "integrity": "sha1-dZ3OhJbEJI/sLQyq9BCLzz8af10=",
            "dependencies": {
                "estraverse": "^2.0.0"
            },
            "engines": {
                "node": ">=0.4.0"
            }
        },
        "node_modules/escope/node_modules/estraverse": {
            "version": "2.0.0",
            "resolved": "https://registry.npmjs.org/estraverse/-/estraverse-2.0.0.tgz",
            "integrity": "sha1-WuRpYyQ2ACBmdMyySgnhZnT83KE=",
            "engines": {
                "node": ">=0.10.0"
            }
        },
        "node_modules/esmangle": {
            "version": "1.0.1",
            "resolved": "https://registry.npmjs.org/esmangle/-/esmangle-1.0.1.tgz",
            "integrity": "sha1-2bs3uPjq+/Tm1O1reqKVarvTxMI=",
            "dependencies": {
                "escodegen": "~1.3.2",
                "escope": "~1.0.1",
                "esprima": "~1.1.1",
                "esshorten": "~1.1.0",
                "estraverse": "~1.5.0",
                "esutils": "~ 1.0.0",
                "optionator": "~0.3.0",
                "source-map": "~0.1.33"
            },
            "bin": {
                "esmangle": "bin/esmangle.js"
            },
            "engines": {
                "node": ">=0.6.0"
            }
        },
        "node_modules/esmangle/node_modules/escodegen": {
            "version": "1.3.3",
            "resolved": "https://registry.npmjs.org/escodegen/-/escodegen-1.3.3.tgz",
            "integrity": "sha1-8CQBb1qI4Eb9EgBQVek5gC5sXyM=",
            "dependencies": {
                "esprima": "~1.1.1",
                "estraverse": "~1.5.0",
                "esutils": "~1.0.0"
            },
            "bin": {
                "escodegen": "bin/escodegen.js",
                "esgenerate": "bin/esgenerate.js"
            },
            "engines": {
                "node": ">=0.10.0"
            },
            "optionalDependencies": {
                "source-map": "~0.1.33"
            }
        },
        "node_modules/esmangle/node_modules/esprima": {
            "version": "1.1.1",
            "resolved": "https://registry.npmjs.org/esprima/-/esprima-1.1.1.tgz",
            "integrity": "sha1-W28VR/TRAuZw4UDFCb5ncdautUk=",
            "bin": {
                "esparse": "bin/esparse.js",
                "esvalidate": "bin/esvalidate.js"
            },
            "engines": {
                "node": ">=0.4.0"
            }
        },
        "node_modules/esmangle/node_modules/estraverse": {
            "version": "1.5.1",
            "resolved": "https://registry.npmjs.org/estraverse/-/estraverse-1.5.1.tgz",
            "integrity": "sha1-hno+jlip+EYYr7bC3bzZFrfLr3E=",
            "engines": {
                "node": ">=0.4.0"
            }
        },
        "node_modules/esmangle/node_modules/esutils": {
            "version": "1.0.0",
            "resolved": "https://registry.npmjs.org/esutils/-/esutils-1.0.0.tgz",
            "integrity": "sha1-gVHTWOIMisx/t0XnRywAJf5JZXA=",
            "engines": {
                "node": ">=0.10.0"
            }
        },
        "node_modules/esmangle/node_modules/fast-levenshtein": {
            "version": "1.0.7",
            "resolved": "https://registry.npmjs.org/fast-levenshtein/-/fast-levenshtein-1.0.7.tgz",
            "integrity": "sha1-AXjc3uAjuSkFGTrwlZ6KdjnP3Lk="
        },
        "node_modules/esmangle/node_modules/levn": {
            "version": "0.2.5",
            "resolved": "https://registry.npmjs.org/levn/-/levn-0.2.5.tgz",
            "integrity": "sha1-uo0znQykphDjo/FFucr0iAcVUFQ=",
            "dependencies": {
                "prelude-ls": "~1.1.0",
                "type-check": "~0.3.1"
            },
            "engines": {
                "node": ">= 0.8.0"
            }
        },
        "node_modules/esmangle/node_modules/optionator": {
            "version": "0.3.0",
            "resolved": "https://registry.npmjs.org/optionator/-/optionator-0.3.0.tgz",
            "integrity": "sha1-lxWotfXnWGz/BsgkngOc1zZNP1Q=",
            "dependencies": {
                "deep-is": "~0.1.2",
                "fast-levenshtein": "~1.0.0",
                "levn": "~0.2.4",
                "prelude-ls": "~1.1.0",
                "type-check": "~0.3.1",
                "wordwrap": "~0.0.2"
            },
            "engines": {
                "node": ">= 0.8.0"
            }
        },
        "node_modules/esmangle/node_modules/source-map": {
            "version": "0.1.43",
            "resolved": "https://registry.npmjs.org/source-map/-/source-map-0.1.43.tgz",
            "integrity": "sha1-wkvBRspRfBRx9drL4lcbK3+eM0Y=",
            "dependencies": {
                "amdefine": ">=0.0.4"
            },
            "engines": {
                "node": ">=0.8.0"
            }
        },
        "node_modules/esshorten": {
            "version": "1.1.1",
            "resolved": "https://registry.npmjs.org/esshorten/-/esshorten-1.1.1.tgz",
            "integrity": "sha1-F0+Wt8wmfkaHLYFOfbfCkL3/Yak=",
            "dependencies": {
                "escope": "~1.0.1",
                "estraverse": "~4.1.1",
                "esutils": "~2.0.2"
            },
            "engines": {
                "node": ">=0.6.0"
            }
        },
        "node_modules/esshorten/node_modules/estraverse": {
            "version": "4.1.1",
            "resolved": "https://registry.npmjs.org/estraverse/-/estraverse-4.1.1.tgz",
            "integrity": "sha1-9srKcokzqFDvkGYdDheYK6RxEaI=",
            "engines": {
                "node": ">=0.10.0"
            }
        },
        "node_modules/estemplate": {
            "version": "0.5.1",
            "resolved": "https://registry.npmjs.org/estemplate/-/estemplate-0.5.1.tgz",
            "integrity": "sha1-FxSp1GGQc4rJWLyv1J4CnNpWo54=",
            "dependencies": {
                "esprima": "^2.7.2",
                "estraverse": "^4.1.1"
            }
        },
        "node_modules/estemplate/node_modules/esprima": {
            "version": "2.7.3",
            "resolved": "https://registry.npmjs.org/esprima/-/esprima-2.7.3.tgz",
            "integrity": "sha1-luO3DVd59q1JzQMmc9HDEnZ7pYE=",
            "bin": {
                "esparse": "bin/esparse.js",
                "esvalidate": "bin/esvalidate.js"
            },
            "engines": {
                "node": ">=0.10.0"
            }
        },
        "node_modules/estemplate/node_modules/estraverse": {
            "version": "4.3.0",
            "resolved": "https://registry.npmjs.org/estraverse/-/estraverse-4.3.0.tgz",
            "integrity": "sha512-39nnKffWz8xN1BU/2c79n9nB9HDzo0niYUqx6xyqUnyoAnQyyWpOTdZEeiCch8BBu515t4wp9ZmgVfVhn9EBpw==",
            "engines": {
                "node": ">=4.0"
            }
        },
        "node_modules/esutils": {
            "version": "2.0.3",
            "resolved": "https://registry.npmjs.org/esutils/-/esutils-2.0.3.tgz",
            "integrity": "sha512-kVscqXk4OCp68SZ0dkgEKVi6/8ij300KBWTJq32P/dYeWTSwK41WyTxalN1eRmA5Z9UU/LX9D7FWSmV9SAYx6g==",
            "engines": {
                "node": ">=0.10.0"
            }
        },
        "node_modules/fast-levenshtein": {
            "version": "2.0.6",
            "resolved": "https://registry.npmjs.org/fast-levenshtein/-/fast-levenshtein-2.0.6.tgz",
            "integrity": "sha1-PYpcZog6FqMMqGQ+hR8Zuqd5eRc="
        },
        "node_modules/levn": {
            "version": "0.3.0",
            "resolved": "https://registry.npmjs.org/levn/-/levn-0.3.0.tgz",
            "integrity": "sha1-OwmSTt+fCDwEkP3UwLxEIeBHZO4=",
            "dependencies": {
                "prelude-ls": "~1.1.2",
                "type-check": "~0.3.2"
            },
            "engines": {
                "node": ">= 0.8.0"
            }
        },
        "node_modules/lodash": {
            "version": "4.17.21",
            "resolved": "https://registry.npmjs.org/lodash/-/lodash-4.17.21.tgz",
            "integrity": "sha512-v2kDEe57lecTulaDIuNTPy3Ry4gLGJ6Z1O3vE1krgXZNrsQ+LFTGHVxVjcXPs17LhbZVGedAJv8XZ1tvj5FvSg=="
        },
        "node_modules/minimist": {
            "version": "1.2.6",
            "resolved": "https://registry.npmjs.org/minimist/-/minimist-1.2.6.tgz",
            "integrity": "sha512-Jsjnk4bw3YJqYzbdyBiNsPWHPfO++UGG749Cxs6peCu5Xg4nrena6OVxOYxrQTqww0Jmwt+Ref8rggumkTLz9Q=="
        },
        "node_modules/optionator": {
            "version": "0.8.3",
            "resolved": "https://registry.npmjs.org/optionator/-/optionator-0.8.3.tgz",
            "integrity": "sha512-+IW9pACdk3XWmmTXG8m3upGUJst5XRGzxMRjXzAuJ1XnIFNvfhjjIuYkDvysnPQ7qzqVzLt78BCruntqRhWQbA==",
            "dependencies": {
                "deep-is": "~0.1.3",
                "fast-levenshtein": "~2.0.6",
                "levn": "~0.3.0",
                "prelude-ls": "~1.1.2",
                "type-check": "~0.3.2",
                "word-wrap": "~1.2.3"
            },
            "engines": {
                "node": ">= 0.8.0"
            }
        },
        "node_modules/prelude-ls": {
            "version": "1.1.2",
            "resolved": "https://registry.npmjs.org/prelude-ls/-/prelude-ls-1.1.2.tgz",
            "integrity": "sha1-IZMqVJ9eUv/ZqCf1cOBL5iqX2lQ=",
            "engines": {
                "node": ">= 0.8.0"
            }
        },
        "node_modules/present": {
            "version": "1.0.0",
            "resolved": "https://registry.npmjs.org/present/-/present-1.0.0.tgz",
            "integrity": "sha1-bS+GW+epaIURj0Zg6D4hYftxzys="
        },
        "node_modules/priorityqueuejs": {
            "version": "1.0.0",
            "resolved": "https://registry.npmjs.org/priorityqueuejs/-/priorityqueuejs-1.0.0.tgz",
            "integrity": "sha1-LuTyPCVgkT4IwHzlzN1t498sWvg="
        },
        "node_modules/pseudomap": {
            "version": "1.0.2",
            "resolved": "https://registry.npmjs.org/pseudomap/-/pseudomap-1.0.2.tgz",
            "integrity": "sha1-8FKijacOYYkX7wqKw0wa5aaChrM="
        },
        "node_modules/seedrandom": {
            "version": "2.4.4",
            "resolved": "https://registry.npmjs.org/seedrandom/-/seedrandom-2.4.4.tgz",
            "integrity": "sha512-9A+PDmgm+2du77B5i0Ip2cxOqqHjgNxnBgglxLcX78A2D6c2rTo61z4jnVABpF4cKeDMDG+cmXXvdnqse2VqMA=="
        },
        "node_modules/stack-trace": {
            "version": "0.0.9",
            "resolved": "https://registry.npmjs.org/stack-trace/-/stack-trace-0.0.9.tgz",
            "integrity": "sha1-qPbq7KkGdMMz58Q5U/J1tFFRBpU=",
            "engines": {
                "node": "*"
            }
        },
        "node_modules/type-check": {
            "version": "0.3.2",
            "resolved": "https://registry.npmjs.org/type-check/-/type-check-0.3.2.tgz",
            "integrity": "sha1-WITKtRLPHTVeP7eE8wgEsrUg23I=",
            "dependencies": {
                "prelude-ls": "~1.1.2"
            },
            "engines": {
                "node": ">= 0.8.0"
            }
        },
        "node_modules/webppl": {
            "version": "0.9.15",
            "resolved": "https://registry.npmjs.org/webppl/-/webppl-0.9.15.tgz",
            "integrity": "sha512-hqzFufSDza0QRVt/PGZQsiZKaoSOaWvxf5kl4Q4KTI39JXc5pS12yVhZDG5wAi+/FcadZh+JEm/Y93XvOMPDhQ==",
            "dependencies": {
                "adnn": "^2.0.8",
                "amdefine": "^1.0.0",
                "ast-types": "^0.9.11",
                "colors": "^1.1.2",
                "escodegen": "^1.7.0",
                "esmangle": "^1.0.1",
                "esprima": "^3.1.3",
                "estemplate": "^0.5.1",
                "estraverse": "^4.1.0",
                "esutils": "^2.0.2",
                "lodash": "^4.17.2",
                "lru-cache": "^4.0.0",
                "minimist": "^1.2.0",
                "present": "^1.0.0",
                "priorityqueuejs": "~1.0.0",
                "seedrandom": "^2.4.2",
                "source-map": "^0.5.3",
                "stack-trace": "0.0.9"
            },
            "bin": {
                "webppl": "webppl"
            },
            "engines": {
                "node": ">=4"
            }
        },
        "node_modules/webppl/node_modules/escodegen": {
            "version": "1.14.3",
            "resolved": "https://registry.npmjs.org/escodegen/-/escodegen-1.14.3.tgz",
            "integrity": "sha512-qFcX0XJkdg+PB3xjZZG/wKSuT1PnQWx57+TVSjIMmILd2yC/6ByYElPwJnslDsuWuSAp4AwJGumarAAmJch5Kw==",
            "dependencies": {
                "esprima": "^4.0.1",
                "estraverse": "^4.2.0",
                "esutils": "^2.0.2",
                "optionator": "^0.8.1"
            },
            "bin": {
                "escodegen": "bin/escodegen.js",
                "esgenerate": "bin/esgenerate.js"
            },
            "engines": {
                "node": ">=4.0"
            },
            "optionalDependencies": {
                "source-map": "~0.6.1"
            }
        },
        "node_modules/webppl/node_modules/escodegen/node_modules/esprima": {
            "version": "4.0.1",
            "resolved": "https://registry.npmjs.org/esprima/-/esprima-4.0.1.tgz",
            "integrity": "sha512-eGuFFw7Upda+g4p+QHvnW0RyTX/SVeJBDM/gCtMARO0cLuT2HcEKnTPvhjV6aGeqrCB/sbNop0Kszm0jsaWU4A==",
            "bin": {
                "esparse": "bin/esparse.js",
                "esvalidate": "bin/esvalidate.js"
            },
            "engines": {
                "node": ">=4"
            }
        },
        "node_modules/webppl/node_modules/escodegen/node_modules/source-map": {
            "version": "0.6.1",
            "resolved": "https://registry.npmjs.org/source-map/-/source-map-0.6.1.tgz",
            "integrity": "sha512-UjgapumWlbMhkBgzT7Ykc5YXUT46F0iKu8SGXq0bcwP5dz/h0Plj6enJqjz1Zbq2l5WaqYnrVbwWOWMyF3F47g==",
            "optional": true,
            "engines": {
                "node": ">=0.10.0"
            }
        },
        "node_modules/webppl/node_modules/esprima": {
            "version": "3.1.3",
            "resolved": "https://registry.npmjs.org/esprima/-/esprima-3.1.3.tgz",
            "integrity": "sha1-/cpRzuYTOJXjyI1TXOSdv/YqRjM=",
            "bin": {
                "esparse": "bin/esparse.js",
                "esvalidate": "bin/esvalidate.js"
            },
            "engines": {
                "node": ">=4"
            }
        },
        "node_modules/webppl/node_modules/estraverse": {
            "version": "4.3.0",
            "resolved": "https://registry.npmjs.org/estraverse/-/estraverse-4.3.0.tgz",
            "integrity": "sha512-39nnKffWz8xN1BU/2c79n9nB9HDzo0niYUqx6xyqUnyoAnQyyWpOTdZEeiCch8BBu515t4wp9ZmgVfVhn9EBpw==",
            "engines": {
                "node": ">=4.0"
            }
        },
        "node_modules/webppl/node_modules/lru-cache": {
            "version": "4.1.5",
            "resolved": "https://registry.npmjs.org/lru-cache/-/lru-cache-4.1.5.tgz",
            "integrity": "sha512-sWZlbEP2OsHNkXrMl5GYk/jKk70MBng6UU4YI/qGDYbgf6YbP4EvmqISbXCoJiRKs+1bSpFHVgQxvJ17F2li5g==",
            "dependencies": {
                "pseudomap": "^1.0.2",
                "yallist": "^2.1.2"
            }
        },
        "node_modules/webppl/node_modules/source-map": {
            "version": "0.5.7",
            "resolved": "https://registry.npmjs.org/source-map/-/source-map-0.5.7.tgz",
            "integrity": "sha1-igOdLRAh0i0eoUyA2OpGi6LvP8w=",
            "engines": {
                "node": ">=0.10.0"
            }
        },
        "node_modules/webppl/node_modules/yallist": {
            "version": "2.1.2",
            "resolved": "https://registry.npmjs.org/yallist/-/yallist-2.1.2.tgz",
            "integrity": "sha1-HBH5IY8HYImkfdUS+TxmmaaoHVI="
        },
        "node_modules/word-wrap": {
            "version": "1.2.3",
            "resolved": "https://registry.npmjs.org/word-wrap/-/word-wrap-1.2.3.tgz",
            "integrity": "sha512-Hz/mrNwitNRh/HUAtM/VT/5VH+ygD6DV7mYKZAtHOrbs8U7lvPS6xf7EJKMF0uW1KJCl0H701g3ZGus+muE5vQ==",
            "engines": {
                "node": ">=0.10.0"
            }
        },
        "node_modules/wordwrap": {
            "version": "0.0.3",
            "resolved": "https://registry.npmjs.org/wordwrap/-/wordwrap-0.0.3.tgz",
            "integrity": "sha1-o9XabNXAvAAI03I0u68b7WMFkQc=",
            "engines": {
                "node": ">=0.4.0"
            }
        }
    },
    "dependencies": {
        "adnn": {
            "version": "2.0.10",
            "resolved": "https://registry.npmjs.org/adnn/-/adnn-2.0.10.tgz",
            "integrity": "sha1-TjvJsHdWL1POAMFtDoDdlknrhCs="
        },
        "amdefine": {
            "version": "1.0.1",
            "resolved": "https://registry.npmjs.org/amdefine/-/amdefine-1.0.1.tgz",
            "integrity": "sha1-SlKCrBZHKek2Gbz9OtFR+BfOkfU="
        },
        "ast-types": {
            "version": "0.9.14",
            "resolved": "https://registry.npmjs.org/ast-types/-/ast-types-0.9.14.tgz",
            "integrity": "sha512-Ebvx7/0lLboCdyEmAw/4GqwBeKIijPveXNiVGhCGCNxc7z26T5he7DC6ARxu8ByKuzUZZcLog+VP8GMyZrBzJw=="
        },
        "colors": {
            "version": "1.4.0",
            "resolved": "https://registry.npmjs.org/colors/-/colors-1.4.0.tgz",
            "integrity": "sha512-a+UqTh4kgZg/SlGvfbzDHpgRu7AAQOmmqRHJnxhRZICKFUT91brVhNNt58CMWU9PsBbv3PDCZUHbVxuDiH2mtA=="
        },
        "deep-is": {
            "version": "0.1.4",
            "resolved": "https://registry.npmjs.org/deep-is/-/deep-is-0.1.4.tgz",
            "integrity": "sha512-oIPzksmTg4/MriiaYGO+okXDT7ztn/w3Eptv/+gSIdMdKsJo0u4CfYNFJPy+4SKMuCqGw2wxnA+URMg3t8a/bQ=="
        },
        "escope": {
            "version": "1.0.3",
            "resolved": "https://registry.npmjs.org/escope/-/escope-1.0.3.tgz",
            "integrity": "sha1-dZ3OhJbEJI/sLQyq9BCLzz8af10=",
            "requires": {
                "estraverse": "^2.0.0"
            },
            "dependencies": {
                "estraverse": {
                    "version": "2.0.0",
                    "resolved": "https://registry.npmjs.org/estraverse/-/estraverse-2.0.0.tgz",
                    "integrity": "sha1-WuRpYyQ2ACBmdMyySgnhZnT83KE="
                }
            }
        },
        "esmangle": {
            "version": "1.0.1",
            "resolved": "https://registry.npmjs.org/esmangle/-/esmangle-1.0.1.tgz",
            "integrity": "sha1-2bs3uPjq+/Tm1O1reqKVarvTxMI=",
            "requires": {
                "escodegen": "~1.3.2",
                "escope": "~1.0.1",
                "esprima": "~1.1.1",
                "esshorten": "~1.1.0",
                "estraverse": "~1.5.0",
                "esutils": "~ 1.0.0",
                "optionator": "~0.3.0",
                "source-map": "~0.1.33"
            },
            "dependencies": {
                "escodegen": {
                    "version": "1.3.3",
                    "resolved": "https://registry.npmjs.org/escodegen/-/escodegen-1.3.3.tgz",
                    "integrity": "sha1-8CQBb1qI4Eb9EgBQVek5gC5sXyM=",
                    "requires": {
                        "esprima": "~1.1.1",
                        "estraverse": "~1.5.0",
                        "esutils": "~1.0.0",
                        "source-map": "~0.1.33"
                    }
                },
                "esprima": {
                    "version": "1.1.1",
                    "resolved": "https://registry.npmjs.org/esprima/-/esprima-1.1.1.tgz",
                    "integrity": "sha1-W28VR/TRAuZw4UDFCb5ncdautUk="
                },
                "estraverse": {
                    "version": "1.5.1",
                    "resolved": "https://registry.npmjs.org/estraverse/-/estraverse-1.5.1.tgz",
                    "integrity": "sha1-hno+jlip+EYYr7bC3bzZFrfLr3E="
                },
                "esutils": {
                    "version": "1.0.0",
                    "resolved": "https://registry.npmjs.org/esutils/-/esutils-1.0.0.tgz",
                    "integrity": "sha1-gVHTWOIMisx/t0XnRywAJf5JZXA="
                },
                "fast-levenshtein": {
                    "version": "1.0.7",
                    "resolved": "https://registry.npmjs.org/fast-levenshtein/-/fast-levenshtein-1.0.7.tgz",
                    "integrity": "sha1-AXjc3uAjuSkFGTrwlZ6KdjnP3Lk="
                },
                "levn": {
                    "version": "0.2.5",
                    "resolved": "https://registry.npmjs.org/levn/-/levn-0.2.5.tgz",
                    "integrity": "sha1-uo0znQykphDjo/FFucr0iAcVUFQ=",
                    "requires": {
                        "prelude-ls": "~1.1.0",
                        "type-check": "~0.3.1"
                    }
                },
                "optionator": {
                    "version": "0.3.0",
                    "resolved": "https://registry.npmjs.org/optionator/-/optionator-0.3.0.tgz",
                    "integrity": "sha1-lxWotfXnWGz/BsgkngOc1zZNP1Q=",
                    "requires": {
                        "deep-is": "~0.1.2",
                        "fast-levenshtein": "~1.0.0",
                        "levn": "~0.2.4",
                        "prelude-ls": "~1.1.0",
                        "type-check": "~0.3.1",
                        "wordwrap": "~0.0.2"
                    }
                },
                "source-map": {
                    "version": "0.1.43",
                    "resolved": "https://registry.npmjs.org/source-map/-/source-map-0.1.43.tgz",
                    "integrity": "sha1-wkvBRspRfBRx9drL4lcbK3+eM0Y=",
                    "requires": {
                        "amdefine": ">=0.0.4"
                    }
                }
            }
        },
        "esshorten": {
            "version": "1.1.1",
            "resolved": "https://registry.npmjs.org/esshorten/-/esshorten-1.1.1.tgz",
            "integrity": "sha1-F0+Wt8wmfkaHLYFOfbfCkL3/Yak=",
            "requires": {
                "escope": "~1.0.1",
                "estraverse": "~4.1.1",
                "esutils": "~2.0.2"
            },
            "dependencies": {
                "estraverse": {
                    "version": "4.1.1",
                    "resolved": "https://registry.npmjs.org/estraverse/-/estraverse-4.1.1.tgz",
                    "integrity": "sha1-9srKcokzqFDvkGYdDheYK6RxEaI="
                }
            }
        },
        "estemplate": {
            "version": "0.5.1",
            "resolved": "https://registry.npmjs.org/estemplate/-/estemplate-0.5.1.tgz",
            "integrity": "sha1-FxSp1GGQc4rJWLyv1J4CnNpWo54=",
            "requires": {
                "esprima": "^2.7.2",
                "estraverse": "^4.1.1"
            },
            "dependencies": {
                "esprima": {
                    "version": "2.7.3",
                    "resolved": "https://registry.npmjs.org/esprima/-/esprima-2.7.3.tgz",
                    "integrity": "sha1-luO3DVd59q1JzQMmc9HDEnZ7pYE="
                },
                "estraverse": {
                    "version": "4.3.0",
                    "resolved": "https://registry.npmjs.org/estraverse/-/estraverse-4.3.0.tgz",
                    "integrity": "sha512-39nnKffWz8xN1BU/2c79n9nB9HDzo0niYUqx6xyqUnyoAnQyyWpOTdZEeiCch8BBu515t4wp9ZmgVfVhn9EBpw=="
                }
            }
        },
        "esutils": {
            "version": "2.0.3",
            "resolved": "https://registry.npmjs.org/esutils/-/esutils-2.0.3.tgz",
            "integrity": "sha512-kVscqXk4OCp68SZ0dkgEKVi6/8ij300KBWTJq32P/dYeWTSwK41WyTxalN1eRmA5Z9UU/LX9D7FWSmV9SAYx6g=="
        },
        "fast-levenshtein": {
            "version": "2.0.6",
            "resolved": "https://registry.npmjs.org/fast-levenshtein/-/fast-levenshtein-2.0.6.tgz",
            "integrity": "sha1-PYpcZog6FqMMqGQ+hR8Zuqd5eRc="
        },
        "levn": {
            "version": "0.3.0",
            "resolved": "https://registry.npmjs.org/levn/-/levn-0.3.0.tgz",
            "integrity": "sha1-OwmSTt+fCDwEkP3UwLxEIeBHZO4=",
            "requires": {
                "prelude-ls": "~1.1.2",
                "type-check": "~0.3.2"
            }
        },
        "lodash": {
            "version": "4.17.21",
            "resolved": "https://registry.npmjs.org/lodash/-/lodash-4.17.21.tgz",
            "integrity": "sha512-v2kDEe57lecTulaDIuNTPy3Ry4gLGJ6Z1O3vE1krgXZNrsQ+LFTGHVxVjcXPs17LhbZVGedAJv8XZ1tvj5FvSg=="
        },
        "minimist": {
            "version": "1.2.6",
            "resolved": "https://registry.npmjs.org/minimist/-/minimist-1.2.6.tgz",
            "integrity": "sha512-Jsjnk4bw3YJqYzbdyBiNsPWHPfO++UGG749Cxs6peCu5Xg4nrena6OVxOYxrQTqww0Jmwt+Ref8rggumkTLz9Q=="
        },
        "optionator": {
            "version": "0.8.3",
            "resolved": "https://registry.npmjs.org/optionator/-/optionator-0.8.3.tgz",
            "integrity": "sha512-+IW9pACdk3XWmmTXG8m3upGUJst5XRGzxMRjXzAuJ1XnIFNvfhjjIuYkDvysnPQ7qzqVzLt78BCruntqRhWQbA==",
            "requires": {
                "deep-is": "~0.1.3",
                "fast-levenshtein": "~2.0.6",
                "levn": "~0.3.0",
                "prelude-ls": "~1.1.2",
                "type-check": "~0.3.2",
                "word-wrap": "~1.2.3"
            }
        },
        "prelude-ls": {
            "version": "1.1.2",
            "resolved": "https://registry.npmjs.org/prelude-ls/-/prelude-ls-1.1.2.tgz",
            "integrity": "sha1-IZMqVJ9eUv/ZqCf1cOBL5iqX2lQ="
        },
        "present": {
            "version": "1.0.0",
            "resolved": "https://registry.npmjs.org/present/-/present-1.0.0.tgz",
            "integrity": "sha1-bS+GW+epaIURj0Zg6D4hYftxzys="
        },
        "priorityqueuejs": {
            "version": "1.0.0",
            "resolved": "https://registry.npmjs.org/priorityqueuejs/-/priorityqueuejs-1.0.0.tgz",
            "integrity": "sha1-LuTyPCVgkT4IwHzlzN1t498sWvg="
        },
        "pseudomap": {
            "version": "1.0.2",
            "resolved": "https://registry.npmjs.org/pseudomap/-/pseudomap-1.0.2.tgz",
            "integrity": "sha1-8FKijacOYYkX7wqKw0wa5aaChrM="
        },
        "seedrandom": {
            "version": "2.4.4",
            "resolved": "https://registry.npmjs.org/seedrandom/-/seedrandom-2.4.4.tgz",
            "integrity": "sha512-9A+PDmgm+2du77B5i0Ip2cxOqqHjgNxnBgglxLcX78A2D6c2rTo61z4jnVABpF4cKeDMDG+cmXXvdnqse2VqMA=="
        },
        "stack-trace": {
            "version": "0.0.9",
            "resolved": "https://registry.npmjs.org/stack-trace/-/stack-trace-0.0.9.tgz",
            "integrity": "sha1-qPbq7KkGdMMz58Q5U/J1tFFRBpU="
        },
        "type-check": {
            "version": "0.3.2",
            "resolved": "https://registry.npmjs.org/type-check/-/type-check-0.3.2.tgz",
            "integrity": "sha1-WITKtRLPHTVeP7eE8wgEsrUg23I=",
            "requires": {
                "prelude-ls": "~1.1.2"
            }
        },
        "webppl": {
            "version": "0.9.15",
            "resolved": "https://registry.npmjs.org/webppl/-/webppl-0.9.15.tgz",
            "integrity": "sha512-hqzFufSDza0QRVt/PGZQsiZKaoSOaWvxf5kl4Q4KTI39JXc5pS12yVhZDG5wAi+/FcadZh+JEm/Y93XvOMPDhQ==",
            "requires": {
                "adnn": "^2.0.8",
                "amdefine": "^1.0.0",
                "ast-types": "^0.9.11",
                "colors": "^1.1.2",
                "escodegen": "^1.7.0",
                "esmangle": "^1.0.1",
                "esprima": "^3.1.3",
                "estemplate": "^0.5.1",
                "estraverse": "^4.1.0",
                "esutils": "^2.0.2",
                "lodash": "^4.17.2",
                "lru-cache": "^4.0.0",
                "minimist": "^1.2.0",
                "present": "^1.0.0",
                "priorityqueuejs": "~1.0.0",
                "seedrandom": "^2.4.2",
                "source-map": "^0.5.3",
                "stack-trace": "0.0.9"
            },
            "dependencies": {
                "escodegen": {
                    "version": "1.14.3",
                    "resolved": "https://registry.npmjs.org/escodegen/-/escodegen-1.14.3.tgz",
                    "integrity": "sha512-qFcX0XJkdg+PB3xjZZG/wKSuT1PnQWx57+TVSjIMmILd2yC/6ByYElPwJnslDsuWuSAp4AwJGumarAAmJch5Kw==",
                    "requires": {
                        "esprima": "^4.0.1",
                        "estraverse": "^4.2.0",
                        "esutils": "^2.0.2",
                        "optionator": "^0.8.1",
                        "source-map": "~0.6.1"
                    },
                    "dependencies": {
                        "esprima": {
                            "version": "4.0.1",
                            "resolved": "https://registry.npmjs.org/esprima/-/esprima-4.0.1.tgz",
                            "integrity": "sha512-eGuFFw7Upda+g4p+QHvnW0RyTX/SVeJBDM/gCtMARO0cLuT2HcEKnTPvhjV6aGeqrCB/sbNop0Kszm0jsaWU4A=="
                        },
                        "source-map": {
                            "version": "0.6.1",
                            "resolved": "https://registry.npmjs.org/source-map/-/source-map-0.6.1.tgz",
                            "integrity": "sha512-UjgapumWlbMhkBgzT7Ykc5YXUT46F0iKu8SGXq0bcwP5dz/h0Plj6enJqjz1Zbq2l5WaqYnrVbwWOWMyF3F47g==",
                            "optional": true
                        }
                    }
                },
                "esprima": {
                    "version": "3.1.3",
                    "resolved": "https://registry.npmjs.org/esprima/-/esprima-3.1.3.tgz",
                    "integrity": "sha1-/cpRzuYTOJXjyI1TXOSdv/YqRjM="
                },
                "estraverse": {
                    "version": "4.3.0",
                    "resolved": "https://registry.npmjs.org/estraverse/-/estraverse-4.3.0.tgz",
                    "integrity": "sha512-39nnKffWz8xN1BU/2c79n9nB9HDzo0niYUqx6xyqUnyoAnQyyWpOTdZEeiCch8BBu515t4wp9ZmgVfVhn9EBpw=="
                },
                "lru-cache": {
                    "version": "4.1.5",
                    "resolved": "https://registry.npmjs.org/lru-cache/-/lru-cache-4.1.5.tgz",
                    "integrity": "sha512-sWZlbEP2OsHNkXrMl5GYk/jKk70MBng6UU4YI/qGDYbgf6YbP4EvmqISbXCoJiRKs+1bSpFHVgQxvJ17F2li5g==",
                    "requires": {
                        "pseudomap": "^1.0.2",
                        "yallist": "^2.1.2"
                    }
                },
                "source-map": {
                    "version": "0.5.7",
                    "resolved": "https://registry.npmjs.org/source-map/-/source-map-0.5.7.tgz",
                    "integrity": "sha1-igOdLRAh0i0eoUyA2OpGi6LvP8w="
                },
                "yallist": {
                    "version": "2.1.2",
                    "resolved": "https://registry.npmjs.org/yallist/-/yallist-2.1.2.tgz",
                    "integrity": "sha1-HBH5IY8HYImkfdUS+TxmmaaoHVI="
                }
            }
        },
        "word-wrap": {
            "version": "1.2.3",
            "resolved": "https://registry.npmjs.org/word-wrap/-/word-wrap-1.2.3.tgz",
            "integrity": "sha512-Hz/mrNwitNRh/HUAtM/VT/5VH+ygD6DV7mYKZAtHOrbs8U7lvPS6xf7EJKMF0uW1KJCl0H701g3ZGus+muE5vQ=="
        },
        "wordwrap": {
            "version": "0.0.3",
            "resolved": "https://registry.npmjs.org/wordwrap/-/wordwrap-0.0.3.tgz",
            "integrity": "sha1-o9XabNXAvAAI03I0u68b7WMFkQc="
        }
    }
}
